// !$*UTF8*$!
{
	archiveVersion = 1;
	classes = {
	};
	objectVersion = 55;
	objects = {

/* Begin PBXBuildFile section */
		A69027C127E5208F00C5BBD8 /* CategoriesList.swift in Sources */ = {isa = PBXBuildFile; fileRef = A62F0FC52746E414002EEC70 /* CategoriesList.swift */; };
		A69027C227E5208F00C5BBD8 /* Assets.xcassets in Resources */ = {isa = PBXBuildFile; fileRef = A6C9DAC32743277D00929796 /* Assets.xcassets */; };
		A69027C327E5208F00C5BBD8 /* Preview Assets.xcassets in Resources */ = {isa = PBXBuildFile; fileRef = A6C9DAC62743277D00929796 /* Preview Assets.xcassets */; };
		A69027C427E5208F00C5BBD8 /* AppTabNavigation.swift in Sources */ = {isa = PBXBuildFile; fileRef = A62F0FC02746E2CB002EEC70 /* AppTabNavigation.swift */; };
		A69027C527E5208F00C5BBD8 /* SFSymbolsPreviewApp.swift in Sources */ = {isa = PBXBuildFile; fileRef = A6C9DABF2743277C00929796 /* SFSymbolsPreviewApp.swift */; };
		A69027C627E5208F00C5BBD8 /* name_availability.plist in Resources */ = {isa = PBXBuildFile; fileRef = A61B15AF2790D32100AE0328 /* name_availability.plist */; };
		A69027C727E5208F00C5BBD8 /* symbol_categories.plist in Resources */ = {isa = PBXBuildFile; fileRef = A61B15B12790D32A00AE0328 /* symbol_categories.plist */; };
		A69027C827E5208F00C5BBD8 /* categories.plist in Resources */ = {isa = PBXBuildFile; fileRef = A61B15AD2790D31800AE0328 /* categories.plist */; };
		A69027C927E5208F00C5BBD8 /* InitialDetailsView.swift in Sources */ = {isa = PBXBuildFile; fileRef = A62F0FBC2746E1DF002EEC70 /* InitialDetailsView.swift */; };
		A69027CA27E5208F00C5BBD8 /* SymbolList.swift in Sources */ = {isa = PBXBuildFile; fileRef = A62F0FBE2746E240002EEC70 /* SymbolList.swift */; };
		A69027CB27E5208F00C5BBD8 /* AppSidebarNavigation.swift in Sources */ = {isa = PBXBuildFile; fileRef = A62F0FC32746E338002EEC70 /* AppSidebarNavigation.swift */; };
		A69027CC27E5208F00C5BBD8 /* ContentView.swift in Sources */ = {isa = PBXBuildFile; fileRef = A6C9DAE2274332F800929796 /* ContentView.swift */; };
		A69027CD27E5208F00C5BBD8 /* SymbolRow.swift in Sources */ = {isa = PBXBuildFile; fileRef = A6C9DAD02743279B00929796 /* SymbolRow.swift */; };
		A69027CE27E5208F00C5BBD8 /* symbol_search.plist in Resources */ = {isa = PBXBuildFile; fileRef = A61B15B32790D33300AE0328 /* symbol_search.plist */; };
		A69027CF27E5208F00C5BBD8 /* ContentViewModel.swift in Sources */ = {isa = PBXBuildFile; fileRef = A6C9DACF2743279B00929796 /* ContentViewModel.swift */; };
		A69027D127E520F900C5BBD8 /* SFSymbols in Frameworks */ = {isa = PBXBuildFile; productRef = A69027D027E520F900C5BBD8 /* SFSymbols */; };
		A69027D327E526AA00C5BBD8 /* InitialDetailsView.swift in Sources */ = {isa = PBXBuildFile; fileRef = A62F0FBC2746E1DF002EEC70 /* InitialDetailsView.swift */; };
		A69027D427E526AA00C5BBD8 /* name_availability.plist in Resources */ = {isa = PBXBuildFile; fileRef = A61B15AF2790D32100AE0328 /* name_availability.plist */; };
		A69027D527E526AA00C5BBD8 /* AppSidebarNavigation.swift in Sources */ = {isa = PBXBuildFile; fileRef = A62F0FC32746E338002EEC70 /* AppSidebarNavigation.swift */; };
		A69027D627E526AA00C5BBD8 /* SFSymbolsPreviewApp.swift in Sources */ = {isa = PBXBuildFile; fileRef = A6C9DABF2743277C00929796 /* SFSymbolsPreviewApp.swift */; };
		A69027D727E526AA00C5BBD8 /* SymbolList.swift in Sources */ = {isa = PBXBuildFile; fileRef = A62F0FBE2746E240002EEC70 /* SymbolList.swift */; };
		A69027D827E526AA00C5BBD8 /* SymbolRow.swift in Sources */ = {isa = PBXBuildFile; fileRef = A6C9DAD02743279B00929796 /* SymbolRow.swift */; };
		A69027D927E526AA00C5BBD8 /* ContentViewModel.swift in Sources */ = {isa = PBXBuildFile; fileRef = A6C9DACF2743279B00929796 /* ContentViewModel.swift */; };
		A69027DA27E526AA00C5BBD8 /* symbol_search.plist in Resources */ = {isa = PBXBuildFile; fileRef = A61B15B32790D33300AE0328 /* symbol_search.plist */; };
		A69027DC27E526AA00C5BBD8 /* symbol_categories.plist in Resources */ = {isa = PBXBuildFile; fileRef = A61B15B12790D32A00AE0328 /* symbol_categories.plist */; };
		A69027DD27E526AA00C5BBD8 /* CategoriesList.swift in Sources */ = {isa = PBXBuildFile; fileRef = A62F0FC52746E414002EEC70 /* CategoriesList.swift */; };
		A69027DE27E526AA00C5BBD8 /* categories.plist in Resources */ = {isa = PBXBuildFile; fileRef = A61B15AD2790D31800AE0328 /* categories.plist */; };
		A69027DF27E526AA00C5BBD8 /* ContentView.swift in Sources */ = {isa = PBXBuildFile; fileRef = A6C9DAE2274332F800929796 /* ContentView.swift */; };
		A69027E127E526C400C5BBD8 /* SFSymbols in Frameworks */ = {isa = PBXBuildFile; productRef = A69027E027E526C400C5BBD8 /* SFSymbols */; };
/* End PBXBuildFile section */

/* Begin PBXFileReference section */
		A61B15AD2790D31800AE0328 /* categories.plist */ = {isa = PBXFileReference; fileEncoding = 4; lastKnownFileType = text.plist.xml; path = categories.plist; sourceTree = "<group>"; };
		A61B15AF2790D32100AE0328 /* name_availability.plist */ = {isa = PBXFileReference; fileEncoding = 4; lastKnownFileType = text.plist.xml; path = name_availability.plist; sourceTree = "<group>"; };
		A61B15B12790D32A00AE0328 /* symbol_categories.plist */ = {isa = PBXFileReference; fileEncoding = 4; lastKnownFileType = text.plist.xml; path = symbol_categories.plist; sourceTree = "<group>"; };
		A61B15B32790D33300AE0328 /* symbol_search.plist */ = {isa = PBXFileReference; fileEncoding = 4; lastKnownFileType = text.plist.xml; path = symbol_search.plist; sourceTree = "<group>"; };
		A62F0FBC2746E1DF002EEC70 /* InitialDetailsView.swift */ = {isa = PBXFileReference; lastKnownFileType = sourcecode.swift; path = InitialDetailsView.swift; sourceTree = "<group>"; };
		A62F0FBE2746E240002EEC70 /* SymbolList.swift */ = {isa = PBXFileReference; lastKnownFileType = sourcecode.swift; path = SymbolList.swift; sourceTree = "<group>"; };
		A62F0FC02746E2CB002EEC70 /* AppTabNavigation.swift */ = {isa = PBXFileReference; lastKnownFileType = sourcecode.swift; path = AppTabNavigation.swift; sourceTree = "<group>"; };
		A62F0FC32746E338002EEC70 /* AppSidebarNavigation.swift */ = {isa = PBXFileReference; lastKnownFileType = sourcecode.swift; path = AppSidebarNavigation.swift; sourceTree = "<group>"; };
		A62F0FC52746E414002EEC70 /* CategoriesList.swift */ = {isa = PBXFileReference; lastKnownFileType = sourcecode.swift; path = CategoriesList.swift; sourceTree = "<group>"; };
		A690279D27E51FF100C5BBD8 /* SFSymbolsPreview.app */ = {isa = PBXFileReference; explicitFileType = wrapper.application; includeInIndex = 0; path = SFSymbolsPreview.app; sourceTree = BUILT_PRODUCTS_DIR; };
		A69027A227E51FF100C5BBD8 /* SFSymbolsPreview.app */ = {isa = PBXFileReference; explicitFileType = wrapper.application; includeInIndex = 0; path = SFSymbolsPreview.app; sourceTree = BUILT_PRODUCTS_DIR; };
		A69027A427E51FF100C5BBD8 /* macOS.entitlements */ = {isa = PBXFileReference; lastKnownFileType = text.plist.entitlements; path = macOS.entitlements; sourceTree = "<group>"; };
		A69027D227E5260500C5BBD8 /* SFSymbolsPreview--iOS--Info.plist */ = {isa = PBXFileReference; lastKnownFileType = text.plist.xml; path = "SFSymbolsPreview--iOS--Info.plist"; sourceTree = "<group>"; };
		A69027E227E52CF100C5BBD8 /* SFSymbolsPreview--macOS--Info.plist */ = {isa = PBXFileReference; lastKnownFileType = text.plist.xml; path = "SFSymbolsPreview--macOS--Info.plist"; sourceTree = "<group>"; };
		A6C9DABF2743277C00929796 /* SFSymbolsPreviewApp.swift */ = {isa = PBXFileReference; lastKnownFileType = sourcecode.swift; path = SFSymbolsPreviewApp.swift; sourceTree = "<group>"; };
		A6C9DAC32743277D00929796 /* Assets.xcassets */ = {isa = PBXFileReference; lastKnownFileType = folder.assetcatalog; path = Assets.xcassets; sourceTree = "<group>"; };
		A6C9DAC62743277D00929796 /* Preview Assets.xcassets */ = {isa = PBXFileReference; lastKnownFileType = folder.assetcatalog; path = "Preview Assets.xcassets"; sourceTree = "<group>"; };
		A6C9DACF2743279B00929796 /* ContentViewModel.swift */ = {isa = PBXFileReference; fileEncoding = 4; lastKnownFileType = sourcecode.swift; path = ContentViewModel.swift; sourceTree = "<group>"; };
		A6C9DAD02743279B00929796 /* SymbolRow.swift */ = {isa = PBXFileReference; fileEncoding = 4; lastKnownFileType = sourcecode.swift; path = SymbolRow.swift; sourceTree = "<group>"; };
		A6C9DADD2743285F00929796 /* SFSymbols */ = {isa = PBXFileReference; lastKnownFileType = folder; name = SFSymbols; path = ..; sourceTree = "<group>"; };
		A6C9DAE2274332F800929796 /* ContentView.swift */ = {isa = PBXFileReference; lastKnownFileType = sourcecode.swift; path = ContentView.swift; sourceTree = "<group>"; };
/* End PBXFileReference section */

/* Begin PBXFrameworksBuildPhase section */
		A690279A27E51FF100C5BBD8 /* Frameworks */ = {
			isa = PBXFrameworksBuildPhase;
			buildActionMask = 2147483647;
			files = (
				A69027D127E520F900C5BBD8 /* SFSymbols in Frameworks */,
			);
			runOnlyForDeploymentPostprocessing = 0;
		};
		A690279F27E51FF100C5BBD8 /* Frameworks */ = {
			isa = PBXFrameworksBuildPhase;
			buildActionMask = 2147483647;
			files = (
				A69027E127E526C400C5BBD8 /* SFSymbols in Frameworks */,
			);
			runOnlyForDeploymentPostprocessing = 0;
		};
/* End PBXFrameworksBuildPhase section */

/* Begin PBXGroup section */
		A61B15AA2790D2A900AE0328 /* Views */ = {
			isa = PBXGroup;
			children = (
				A62F0FC52746E414002EEC70 /* CategoriesList.swift */,
				A6C9DAD02743279B00929796 /* SymbolRow.swift */,
				A62F0FBE2746E240002EEC70 /* SymbolList.swift */,
				A62F0FBC2746E1DF002EEC70 /* InitialDetailsView.swift */,
			);
			name = Views;
			path = ../iOS/Views;
			sourceTree = "<group>";
		};
		A61B15AB2790D2DD00AE0328 /* Models */ = {
			isa = PBXGroup;
			children = (
				A6C9DACF2743279B00929796 /* ContentViewModel.swift */,
			);
			name = Models;
			path = ../iOS/Models;
			sourceTree = "<group>";
		};
		A61B15AC2790D2E600AE0328 /* SFSymbol App Plist Files */ = {
			isa = PBXGroup;
			children = (
				A61B15AD2790D31800AE0328 /* categories.plist */,
				A61B15AF2790D32100AE0328 /* name_availability.plist */,
				A61B15B32790D33300AE0328 /* symbol_search.plist */,
				A61B15B12790D32A00AE0328 /* symbol_categories.plist */,
			);
			name = "SFSymbol App Plist Files";
			path = "../iOS/SFSymbol App Plist Files";
			sourceTree = "<group>";
		};
		A62F0FC22746E327002EEC70 /* App Launch */ = {
			isa = PBXGroup;
			children = (
				A6C9DAE2274332F800929796 /* ContentView.swift */,
				A62F0FC32746E338002EEC70 /* AppSidebarNavigation.swift */,
				A6C9DABF2743277C00929796 /* SFSymbolsPreviewApp.swift */,
			);
			name = "App Launch";
			path = "../iOS/App Launch";
			sourceTree = "<group>";
		};
		A690279527E51FF000C5BBD8 /* Shared */ = {
			isa = PBXGroup;
			children = (
				A61B15AC2790D2E600AE0328 /* SFSymbol App Plist Files */,
				A62F0FC22746E327002EEC70 /* App Launch */,
				A61B15AB2790D2DD00AE0328 /* Models */,
				A61B15AA2790D2A900AE0328 /* Views */,
				A6C9DAC32743277D00929796 /* Assets.xcassets */,
				A6C9DAC52743277D00929796 /* Preview Content */,
			);
			path = Shared;
			sourceTree = "<group>";
		};
		A69027A327E51FF100C5BBD8 /* macOS */ = {
			isa = PBXGroup;
			children = (
				A69027E227E52CF100C5BBD8 /* SFSymbolsPreview--macOS--Info.plist */,
				A69027A427E51FF100C5BBD8 /* macOS.entitlements */,
			);
			path = macOS;
			sourceTree = "<group>";
		};
		A6C9DAB32743277C00929796 = {
			isa = PBXGroup;
			children = (
				A6C9DADD2743285F00929796 /* SFSymbols */,
				A690279527E51FF000C5BBD8 /* Shared */,
				A6C9DABE2743277C00929796 /* iOS */,
				A69027A327E51FF100C5BBD8 /* macOS */,
				A6C9DABD2743277C00929796 /* Products */,
				A6C9DADE2743286500929796 /* Frameworks */,
			);
			sourceTree = "<group>";
		};
		A6C9DABD2743277C00929796 /* Products */ = {
			isa = PBXGroup;
			children = (
				A690279D27E51FF100C5BBD8 /* SFSymbolsPreview.app */,
				A69027A227E51FF100C5BBD8 /* SFSymbolsPreview.app */,
			);
			name = Products;
			sourceTree = "<group>";
		};
		A6C9DABE2743277C00929796 /* iOS */ = {
			isa = PBXGroup;
			children = (
				A62F0FC02746E2CB002EEC70 /* AppTabNavigation.swift */,
				A69027D227E5260500C5BBD8 /* SFSymbolsPreview--iOS--Info.plist */,
			);
			path = iOS;
			sourceTree = "<group>";
		};
		A6C9DAC52743277D00929796 /* Preview Content */ = {
			isa = PBXGroup;
			children = (
				A6C9DAC62743277D00929796 /* Preview Assets.xcassets */,
			);
			path = "Preview Content";
			sourceTree = "<group>";
		};
		A6C9DADE2743286500929796 /* Frameworks */ = {
			isa = PBXGroup;
			children = (
			);
			name = Frameworks;
			sourceTree = "<group>";
		};
/* End PBXGroup section */

/* Begin PBXNativeTarget section */
		A690279C27E51FF100C5BBD8 /* SFSymbolsPreview (iOS) */ = {
			isa = PBXNativeTarget;
			buildConfigurationList = A69027AB27E51FF100C5BBD8 /* Build configuration list for PBXNativeTarget "SFSymbolsPreview (iOS)" */;
			buildPhases = (
				A690279927E51FF100C5BBD8 /* Sources */,
				A690279A27E51FF100C5BBD8 /* Frameworks */,
				A690279B27E51FF100C5BBD8 /* Resources */,
			);
			buildRules = (
			);
			dependencies = (
			);
			name = "SFSymbolsPreview (iOS)";
			packageProductDependencies = (
				A69027D027E520F900C5BBD8 /* SFSymbols */,
			);
			productName = "SFSymbolsPreview (iOS)";
			productReference = A690279D27E51FF100C5BBD8 /* SFSymbolsPreview.app */;
			productType = "com.apple.product-type.application";
		};
		A69027A127E51FF100C5BBD8 /* SFSymbolsPreview (macOS) */ = {
			isa = PBXNativeTarget;
			buildConfigurationList = A69027AE27E51FF100C5BBD8 /* Build configuration list for PBXNativeTarget "SFSymbolsPreview (macOS)" */;
			buildPhases = (
				A690279E27E51FF100C5BBD8 /* Sources */,
				A690279F27E51FF100C5BBD8 /* Frameworks */,
				A69027A027E51FF100C5BBD8 /* Resources */,
			);
			buildRules = (
			);
			dependencies = (
			);
			name = "SFSymbolsPreview (macOS)";
			packageProductDependencies = (
				A69027E027E526C400C5BBD8 /* SFSymbols */,
			);
			productName = "SFSymbolsPreview (macOS)";
			productReference = A69027A227E51FF100C5BBD8 /* SFSymbolsPreview.app */;
			productType = "com.apple.product-type.application";
		};
/* End PBXNativeTarget section */

/* Begin PBXProject section */
		A6C9DAB42743277C00929796 /* Project object */ = {
			isa = PBXProject;
			attributes = {
				BuildIndependentTargetsInParallel = 1;
				LastSwiftUpdateCheck = 1330;
				LastUpgradeCheck = 1310;
				TargetAttributes = {
					A690279C27E51FF100C5BBD8 = {
						CreatedOnToolsVersion = 13.3;
					};
					A69027A127E51FF100C5BBD8 = {
						CreatedOnToolsVersion = 13.3;
					};
				};
			};
			buildConfigurationList = A6C9DAB72743277C00929796 /* Build configuration list for PBXProject "SFSymbolsPreview" */;
			compatibilityVersion = "Xcode 13.0";
			developmentRegion = en;
			hasScannedForEncodings = 0;
			knownRegions = (
				en,
				Base,
			);
			mainGroup = A6C9DAB32743277C00929796;
			productRefGroup = A6C9DABD2743277C00929796 /* Products */;
			projectDirPath = "";
			projectRoot = "";
			targets = (
				A690279C27E51FF100C5BBD8 /* SFSymbolsPreview (iOS) */,
				A69027A127E51FF100C5BBD8 /* SFSymbolsPreview (macOS) */,
			);
		};
/* End PBXProject section */

/* Begin PBXResourcesBuildPhase section */
		A690279B27E51FF100C5BBD8 /* Resources */ = {
			isa = PBXResourcesBuildPhase;
			buildActionMask = 2147483647;
			files = (
				A69027C727E5208F00C5BBD8 /* symbol_categories.plist in Resources */,
				A69027C327E5208F00C5BBD8 /* Preview Assets.xcassets in Resources */,
				A69027C627E5208F00C5BBD8 /* name_availability.plist in Resources */,
				A69027C827E5208F00C5BBD8 /* categories.plist in Resources */,
				A69027CE27E5208F00C5BBD8 /* symbol_search.plist in Resources */,
				A69027C227E5208F00C5BBD8 /* Assets.xcassets in Resources */,
			);
			runOnlyForDeploymentPostprocessing = 0;
		};
		A69027A027E51FF100C5BBD8 /* Resources */ = {
			isa = PBXResourcesBuildPhase;
			buildActionMask = 2147483647;
			files = (
				A69027DE27E526AA00C5BBD8 /* categories.plist in Resources */,
				A69027DC27E526AA00C5BBD8 /* symbol_categories.plist in Resources */,
				A69027DA27E526AA00C5BBD8 /* symbol_search.plist in Resources */,
				A69027D427E526AA00C5BBD8 /* name_availability.plist in Resources */,
			);
			runOnlyForDeploymentPostprocessing = 0;
		};
/* End PBXResourcesBuildPhase section */

/* Begin PBXSourcesBuildPhase section */
		A690279927E51FF100C5BBD8 /* Sources */ = {
			isa = PBXSourcesBuildPhase;
			buildActionMask = 2147483647;
			files = (
				A69027CD27E5208F00C5BBD8 /* SymbolRow.swift in Sources */,
				A69027CA27E5208F00C5BBD8 /* SymbolList.swift in Sources */,
				A69027C527E5208F00C5BBD8 /* SFSymbolsPreviewApp.swift in Sources */,
				A69027CC27E5208F00C5BBD8 /* ContentView.swift in Sources */,
				A69027CB27E5208F00C5BBD8 /* AppSidebarNavigation.swift in Sources */,
				A69027CF27E5208F00C5BBD8 /* ContentViewModel.swift in Sources */,
				A69027C127E5208F00C5BBD8 /* CategoriesList.swift in Sources */,
				A69027C927E5208F00C5BBD8 /* InitialDetailsView.swift in Sources */,
				A69027C427E5208F00C5BBD8 /* AppTabNavigation.swift in Sources */,
			);
			runOnlyForDeploymentPostprocessing = 0;
		};
		A690279E27E51FF100C5BBD8 /* Sources */ = {
			isa = PBXSourcesBuildPhase;
			buildActionMask = 2147483647;
			files = (
				A69027DD27E526AA00C5BBD8 /* CategoriesList.swift in Sources */,
				A69027D827E526AA00C5BBD8 /* SymbolRow.swift in Sources */,
				A69027D627E526AA00C5BBD8 /* SFSymbolsPreviewApp.swift in Sources */,
				A69027D927E526AA00C5BBD8 /* ContentViewModel.swift in Sources */,
				A69027DF27E526AA00C5BBD8 /* ContentView.swift in Sources */,
				A69027D727E526AA00C5BBD8 /* SymbolList.swift in Sources */,
				A69027D527E526AA00C5BBD8 /* AppSidebarNavigation.swift in Sources */,
				A69027D327E526AA00C5BBD8 /* InitialDetailsView.swift in Sources */,
			);
			runOnlyForDeploymentPostprocessing = 0;
		};
/* End PBXSourcesBuildPhase section */

/* Begin XCBuildConfiguration section */
		A69027AC27E51FF100C5BBD8 /* Debug */ = {
			isa = XCBuildConfiguration;
			buildSettings = {
				ASSETCATALOG_COMPILER_APPICON_NAME = AppIcon;
				ASSETCATALOG_COMPILER_GLOBAL_ACCENT_COLOR_NAME = AccentColor;
				CODE_SIGN_STYLE = Automatic;
				CURRENT_PROJECT_VERSION = 1;
				DEVELOPMENT_TEAM = SBS8ZBXB9U;
				ENABLE_PREVIEWS = YES;
				GENERATE_INFOPLIST_FILE = YES;
				INFOPLIST_FILE = "iOS/SFSymbolsPreview--iOS--Info.plist";
				INFOPLIST_KEY_LSSupportsOpeningDocumentsInPlace = YES;
				INFOPLIST_KEY_UIApplicationSceneManifest_Generation = YES;
				INFOPLIST_KEY_UIApplicationSupportsIndirectInputEvents = YES;
				INFOPLIST_KEY_UILaunchScreen_Generation = YES;
				INFOPLIST_KEY_UISupportedInterfaceOrientations_iPad = "UIInterfaceOrientationPortrait UIInterfaceOrientationPortraitUpsideDown UIInterfaceOrientationLandscapeLeft UIInterfaceOrientationLandscapeRight";
				INFOPLIST_KEY_UISupportedInterfaceOrientations_iPhone = "UIInterfaceOrientationPortrait UIInterfaceOrientationLandscapeLeft UIInterfaceOrientationLandscapeRight";
				IPHONEOS_DEPLOYMENT_TARGET = 15.4;
				LD_RUNPATH_SEARCH_PATHS = (
					"$(inherited)",
					"@executable_path/Frameworks",
				);
				MARKETING_VERSION = 1.0;
				PRODUCT_BUNDLE_IDENTIFIER = com.rspoon3.SFSymbolsPreview;
				PRODUCT_NAME = SFSymbolsPreview;
				SDKROOT = iphoneos;
				SWIFT_EMIT_LOC_STRINGS = YES;
				SWIFT_VERSION = 5.0;
				TARGETED_DEVICE_FAMILY = "1,2";
			};
			name = Debug;
		};
		A69027AD27E51FF100C5BBD8 /* Release */ = {
			isa = XCBuildConfiguration;
			buildSettings = {
				ASSETCATALOG_COMPILER_APPICON_NAME = AppIcon;
				ASSETCATALOG_COMPILER_GLOBAL_ACCENT_COLOR_NAME = AccentColor;
				CODE_SIGN_STYLE = Automatic;
				CURRENT_PROJECT_VERSION = 1;
				DEVELOPMENT_TEAM = SBS8ZBXB9U;
				ENABLE_PREVIEWS = YES;
				GENERATE_INFOPLIST_FILE = YES;
				INFOPLIST_FILE = "iOS/SFSymbolsPreview--iOS--Info.plist";
				INFOPLIST_KEY_LSSupportsOpeningDocumentsInPlace = YES;
				INFOPLIST_KEY_UIApplicationSceneManifest_Generation = YES;
				INFOPLIST_KEY_UIApplicationSupportsIndirectInputEvents = YES;
				INFOPLIST_KEY_UILaunchScreen_Generation = YES;
				INFOPLIST_KEY_UISupportedInterfaceOrientations_iPad = "UIInterfaceOrientationPortrait UIInterfaceOrientationPortraitUpsideDown UIInterfaceOrientationLandscapeLeft UIInterfaceOrientationLandscapeRight";
				INFOPLIST_KEY_UISupportedInterfaceOrientations_iPhone = "UIInterfaceOrientationPortrait UIInterfaceOrientationLandscapeLeft UIInterfaceOrientationLandscapeRight";
				IPHONEOS_DEPLOYMENT_TARGET = 15.4;
				LD_RUNPATH_SEARCH_PATHS = (
					"$(inherited)",
					"@executable_path/Frameworks",
				);
				MARKETING_VERSION = 1.0;
				PRODUCT_BUNDLE_IDENTIFIER = com.rspoon3.SFSymbolsPreview;
				PRODUCT_NAME = SFSymbolsPreview;
				SDKROOT = iphoneos;
				SWIFT_EMIT_LOC_STRINGS = YES;
				SWIFT_VERSION = 5.0;
				TARGETED_DEVICE_FAMILY = "1,2";
				VALIDATE_PRODUCT = YES;
			};
			name = Release;
		};
		A69027AF27E51FF100C5BBD8 /* Debug */ = {
			isa = XCBuildConfiguration;
			buildSettings = {
				ASSETCATALOG_COMPILER_APPICON_NAME = AppIcon;
				ASSETCATALOG_COMPILER_GLOBAL_ACCENT_COLOR_NAME = AccentColor;
				CODE_SIGN_ENTITLEMENTS = macOS/macOS.entitlements;
				CODE_SIGN_STYLE = Automatic;
				COMBINE_HIDPI_IMAGES = YES;
				CURRENT_PROJECT_VERSION = 1;
				DEVELOPMENT_TEAM = SBS8ZBXB9U;
				ENABLE_HARDENED_RUNTIME = YES;
				ENABLE_PREVIEWS = YES;
				GENERATE_INFOPLIST_FILE = YES;
				INFOPLIST_FILE = "macOS/SFSymbolsPreview--macOS--Info.plist";
				INFOPLIST_KEY_NSHumanReadableCopyright = "";
				LD_RUNPATH_SEARCH_PATHS = (
					"$(inherited)",
					"@executable_path/../Frameworks",
				);
				MACOSX_DEPLOYMENT_TARGET = 12.3;
				MARKETING_VERSION = 1.0;
				PRODUCT_BUNDLE_IDENTIFIER = com.rspoon3.SFSymbolsPreview;
				PRODUCT_NAME = SFSymbolsPreview;
				SDKROOT = macosx;
				SWIFT_EMIT_LOC_STRINGS = YES;
				SWIFT_VERSION = 5.0;
			};
			name = Debug;
		};
		A69027B027E51FF100C5BBD8 /* Release */ = {
			isa = XCBuildConfiguration;
			buildSettings = {
				ASSETCATALOG_COMPILER_APPICON_NAME = AppIcon;
				ASSETCATALOG_COMPILER_GLOBAL_ACCENT_COLOR_NAME = AccentColor;
				CODE_SIGN_ENTITLEMENTS = macOS/macOS.entitlements;
				CODE_SIGN_STYLE = Automatic;
				COMBINE_HIDPI_IMAGES = YES;
				CURRENT_PROJECT_VERSION = 1;
				DEVELOPMENT_TEAM = SBS8ZBXB9U;
				ENABLE_HARDENED_RUNTIME = YES;
				ENABLE_PREVIEWS = YES;
				GENERATE_INFOPLIST_FILE = YES;
				INFOPLIST_FILE = "macOS/SFSymbolsPreview--macOS--Info.plist";
				INFOPLIST_KEY_NSHumanReadableCopyright = "";
				LD_RUNPATH_SEARCH_PATHS = (
					"$(inherited)",
					"@executable_path/../Frameworks",
				);
				MACOSX_DEPLOYMENT_TARGET = 12.3;
				MARKETING_VERSION = 1.0;
				PRODUCT_BUNDLE_IDENTIFIER = com.rspoon3.SFSymbolsPreview;
				PRODUCT_NAME = SFSymbolsPreview;
				SDKROOT = macosx;
				SWIFT_EMIT_LOC_STRINGS = YES;
				SWIFT_VERSION = 5.0;
			};
			name = Release;
		};
		A6C9DAC82743277D00929796 /* Debug */ = {
			isa = XCBuildConfiguration;
			buildSettings = {
				ALWAYS_SEARCH_USER_PATHS = NO;
				CLANG_ANALYZER_NONNULL = YES;
				CLANG_ANALYZER_NUMBER_OBJECT_CONVERSION = YES_AGGRESSIVE;
				CLANG_CXX_LANGUAGE_STANDARD = "gnu++17";
				CLANG_CXX_LIBRARY = "libc++";
				CLANG_ENABLE_MODULES = YES;
				CLANG_ENABLE_OBJC_ARC = YES;
				CLANG_ENABLE_OBJC_WEAK = YES;
				CLANG_WARN_BLOCK_CAPTURE_AUTORELEASING = YES;
				CLANG_WARN_BOOL_CONVERSION = YES;
				CLANG_WARN_COMMA = YES;
				CLANG_WARN_CONSTANT_CONVERSION = YES;
				CLANG_WARN_DEPRECATED_OBJC_IMPLEMENTATIONS = YES;
				CLANG_WARN_DIRECT_OBJC_ISA_USAGE = YES_ERROR;
				CLANG_WARN_DOCUMENTATION_COMMENTS = YES;
				CLANG_WARN_EMPTY_BODY = YES;
				CLANG_WARN_ENUM_CONVERSION = YES;
				CLANG_WARN_INFINITE_RECURSION = YES;
				CLANG_WARN_INT_CONVERSION = YES;
				CLANG_WARN_NON_LITERAL_NULL_CONVERSION = YES;
				CLANG_WARN_OBJC_IMPLICIT_RETAIN_SELF = YES;
				CLANG_WARN_OBJC_LITERAL_CONVERSION = YES;
				CLANG_WARN_OBJC_ROOT_CLASS = YES_ERROR;
				CLANG_WARN_QUOTED_INCLUDE_IN_FRAMEWORK_HEADER = YES;
				CLANG_WARN_RANGE_LOOP_ANALYSIS = YES;
				CLANG_WARN_STRICT_PROTOTYPES = YES;
				CLANG_WARN_SUSPICIOUS_MOVE = YES;
				CLANG_WARN_UNGUARDED_AVAILABILITY = YES_AGGRESSIVE;
				CLANG_WARN_UNREACHABLE_CODE = YES;
				CLANG_WARN__DUPLICATE_METHOD_MATCH = YES;
				COPY_PHASE_STRIP = NO;
				DEBUG_INFORMATION_FORMAT = dwarf;
				ENABLE_STRICT_OBJC_MSGSEND = YES;
				ENABLE_TESTABILITY = YES;
				GCC_C_LANGUAGE_STANDARD = gnu11;
				GCC_DYNAMIC_NO_PIC = NO;
				GCC_NO_COMMON_BLOCKS = YES;
				GCC_OPTIMIZATION_LEVEL = 0;
				GCC_PREPROCESSOR_DEFINITIONS = (
					"DEBUG=1",
					"$(inherited)",
				);
				GCC_WARN_64_TO_32_BIT_CONVERSION = YES;
				GCC_WARN_ABOUT_RETURN_TYPE = YES_ERROR;
				GCC_WARN_UNDECLARED_SELECTOR = YES;
				GCC_WARN_UNINITIALIZED_AUTOS = YES_AGGRESSIVE;
				GCC_WARN_UNUSED_FUNCTION = YES;
				GCC_WARN_UNUSED_VARIABLE = YES;
				IPHONEOS_DEPLOYMENT_TARGET = 15.0;
				MTL_ENABLE_DEBUG_INFO = INCLUDE_SOURCE;
				MTL_FAST_MATH = YES;
				ONLY_ACTIVE_ARCH = YES;
				SDKROOT = iphoneos;
				SWIFT_ACTIVE_COMPILATION_CONDITIONS = DEBUG;
				SWIFT_OPTIMIZATION_LEVEL = "-Onone";
			};
			name = Debug;
		};
		A6C9DAC92743277D00929796 /* Release */ = {
			isa = XCBuildConfiguration;
			buildSettings = {
				ALWAYS_SEARCH_USER_PATHS = NO;
				CLANG_ANALYZER_NONNULL = YES;
				CLANG_ANALYZER_NUMBER_OBJECT_CONVERSION = YES_AGGRESSIVE;
				CLANG_CXX_LANGUAGE_STANDARD = "gnu++17";
				CLANG_CXX_LIBRARY = "libc++";
				CLANG_ENABLE_MODULES = YES;
				CLANG_ENABLE_OBJC_ARC = YES;
				CLANG_ENABLE_OBJC_WEAK = YES;
				CLANG_WARN_BLOCK_CAPTURE_AUTORELEASING = YES;
				CLANG_WARN_BOOL_CONVERSION = YES;
				CLANG_WARN_COMMA = YES;
				CLANG_WARN_CONSTANT_CONVERSION = YES;
				CLANG_WARN_DEPRECATED_OBJC_IMPLEMENTATIONS = YES;
				CLANG_WARN_DIRECT_OBJC_ISA_USAGE = YES_ERROR;
				CLANG_WARN_DOCUMENTATION_COMMENTS = YES;
				CLANG_WARN_EMPTY_BODY = YES;
				CLANG_WARN_ENUM_CONVERSION = YES;
				CLANG_WARN_INFINITE_RECURSION = YES;
				CLANG_WARN_INT_CONVERSION = YES;
				CLANG_WARN_NON_LITERAL_NULL_CONVERSION = YES;
				CLANG_WARN_OBJC_IMPLICIT_RETAIN_SELF = YES;
				CLANG_WARN_OBJC_LITERAL_CONVERSION = YES;
				CLANG_WARN_OBJC_ROOT_CLASS = YES_ERROR;
				CLANG_WARN_QUOTED_INCLUDE_IN_FRAMEWORK_HEADER = YES;
				CLANG_WARN_RANGE_LOOP_ANALYSIS = YES;
				CLANG_WARN_STRICT_PROTOTYPES = YES;
				CLANG_WARN_SUSPICIOUS_MOVE = YES;
				CLANG_WARN_UNGUARDED_AVAILABILITY = YES_AGGRESSIVE;
				CLANG_WARN_UNREACHABLE_CODE = YES;
				CLANG_WARN__DUPLICATE_METHOD_MATCH = YES;
				COPY_PHASE_STRIP = NO;
				DEBUG_INFORMATION_FORMAT = "dwarf-with-dsym";
				ENABLE_NS_ASSERTIONS = NO;
				ENABLE_STRICT_OBJC_MSGSEND = YES;
				GCC_C_LANGUAGE_STANDARD = gnu11;
				GCC_NO_COMMON_BLOCKS = YES;
				GCC_WARN_64_TO_32_BIT_CONVERSION = YES;
				GCC_WARN_ABOUT_RETURN_TYPE = YES_ERROR;
				GCC_WARN_UNDECLARED_SELECTOR = YES;
				GCC_WARN_UNINITIALIZED_AUTOS = YES_AGGRESSIVE;
				GCC_WARN_UNUSED_FUNCTION = YES;
				GCC_WARN_UNUSED_VARIABLE = YES;
				IPHONEOS_DEPLOYMENT_TARGET = 15.0;
				MTL_ENABLE_DEBUG_INFO = NO;
				MTL_FAST_MATH = YES;
				SDKROOT = iphoneos;
				SWIFT_COMPILATION_MODE = wholemodule;
				SWIFT_OPTIMIZATION_LEVEL = "-O";
				VALIDATE_PRODUCT = YES;
			};
			name = Release;
		};
/* End XCBuildConfiguration section */

/* Begin XCConfigurationList section */
		A69027AB27E51FF100C5BBD8 /* Build configuration list for PBXNativeTarget "SFSymbolsPreview (iOS)" */ = {
			isa = XCConfigurationList;
			buildConfigurations = (
				A69027AC27E51FF100C5BBD8 /* Debug */,
				A69027AD27E51FF100C5BBD8 /* Release */,
			);
			defaultConfigurationIsVisible = 0;
			defaultConfigurationName = Release;
		};
		A69027AE27E51FF100C5BBD8 /* Build configuration list for PBXNativeTarget "SFSymbolsPreview (macOS)" */ = {
			isa = XCConfigurationList;
			buildConfigurations = (
				A69027AF27E51FF100C5BBD8 /* Debug */,
				A69027B027E51FF100C5BBD8 /* Release */,
			);
			defaultConfigurationIsVisible = 0;
			defaultConfigurationName = Release;
		};
		A6C9DAB72743277C00929796 /* Build configuration list for PBXProject "SFSymbolsPreview" */ = {
			isa = XCConfigurationList;
			buildConfigurations = (
				A6C9DAC82743277D00929796 /* Debug */,
				A6C9DAC92743277D00929796 /* Release */,
			);
			defaultConfigurationIsVisible = 0;
			defaultConfigurationName = Release;
		};
/* End XCConfigurationList section */

/* Begin XCSwiftPackageProductDependency section */
		A69027D027E520F900C5BBD8 /* SFSymbols */ = {
			isa = XCSwiftPackageProductDependency;
			productName = SFSymbols;
		};
		A69027E027E526C400C5BBD8 /* SFSymbols */ = {
			isa = XCSwiftPackageProductDependency;
			productName = SFSymbols;
		};
/* End XCSwiftPackageProductDependency section */
	};
	rootObject = A6C9DAB42743277C00929796 /* Project object */;
}
