// !$*UTF8*$!
{
	archiveVersion = 1;
	classes = {
	};
	objectVersion = 56;
	objects = {

/* Begin PBXBuildFile section */
		94CB12B829CAD464008FED8F /* SFSymbolsDemoApp.swift in Sources */ = {isa = PBXBuildFile; fileRef = 94CB12B729CAD464008FED8F /* SFSymbolsDemoApp.swift */; };
		94CB12BC29CAD465008FED8F /* Assets.xcassets in Resources */ = {isa = PBXBuildFile; fileRef = 94CB12BB29CAD465008FED8F /* Assets.xcassets */; };
		94CB12C029CAD465008FED8F /* Preview Assets.xcassets in Resources */ = {isa = PBXBuildFile; fileRef = 94CB12BF29CAD465008FED8F /* Preview Assets.xcassets */; };
		94CB12CA29CAD4E3008FED8F /* SFSymbols in Frameworks */ = {isa = PBXBuildFile; productRef = 94CB12C929CAD4E3008FED8F /* SFSymbols */; };
		94CB12F629CAD5BA008FED8F /* ContentViewModel.swift in Sources */ = {isa = PBXBuildFile; fileRef = 94CB12E729CAD5BA008FED8F /* ContentViewModel.swift */; };
		94CB12F729CAD5BA008FED8F /* InitialDetailsView.swift in Sources */ = {isa = PBXBuildFile; fileRef = 94CB12E929CAD5BA008FED8F /* InitialDetailsView.swift */; };
		94CB12F829CAD5BA008FED8F /* SymbolRow.swift in Sources */ = {isa = PBXBuildFile; fileRef = 94CB12EA29CAD5BA008FED8F /* SymbolRow.swift */; };
		94CB12F929CAD5BA008FED8F /* CategoriesList.swift in Sources */ = {isa = PBXBuildFile; fileRef = 94CB12EB29CAD5BA008FED8F /* CategoriesList.swift */; };
		94CB12FA29CAD5BA008FED8F /* SymbolList.swift in Sources */ = {isa = PBXBuildFile; fileRef = 94CB12EC29CAD5BA008FED8F /* SymbolList.swift */; };
		94CB12FB29CAD5BA008FED8F /* AppSidebarNavigation.swift in Sources */ = {isa = PBXBuildFile; fileRef = 94CB12EE29CAD5BA008FED8F /* AppSidebarNavigation.swift */; };
		94CB12FD29CAD5BA008FED8F /* ContentView.swift in Sources */ = {isa = PBXBuildFile; fileRef = 94CB12F029CAD5BA008FED8F /* ContentView.swift */; };
		94CB12FE29CAD5BA008FED8F /* symbol_categories.plist in Resources */ = {isa = PBXBuildFile; fileRef = 94CB12F229CAD5BA008FED8F /* symbol_categories.plist */; };
		94CB12FF29CAD5BA008FED8F /* symbol_search.plist in Resources */ = {isa = PBXBuildFile; fileRef = 94CB12F329CAD5BA008FED8F /* symbol_search.plist */; };
		94CB130029CAD5BA008FED8F /* name_availability.plist in Resources */ = {isa = PBXBuildFile; fileRef = 94CB12F429CAD5BA008FED8F /* name_availability.plist */; };
		94CB130129CAD5BA008FED8F /* categories.plist in Resources */ = {isa = PBXBuildFile; fileRef = 94CB12F529CAD5BA008FED8F /* categories.plist */; };
		94CB130329CAD5FE008FED8F /* AppTabNavigation.swift in Sources */ = {isa = PBXBuildFile; fileRef = 94CB130229CAD5FE008FED8F /* AppTabNavigation.swift */; };
/* End PBXBuildFile section */

/* Begin PBXFileReference section */
		94CB12B429CAD464008FED8F /* SFSymbolsDemo.app */ = {isa = PBXFileReference; explicitFileType = wrapper.application; includeInIndex = 0; path = SFSymbolsDemo.app; sourceTree = BUILT_PRODUCTS_DIR; };
		94CB12B729CAD464008FED8F /* SFSymbolsDemoApp.swift */ = {isa = PBXFileReference; lastKnownFileType = sourcecode.swift; path = SFSymbolsDemoApp.swift; sourceTree = "<group>"; };
		94CB12BB29CAD465008FED8F /* Assets.xcassets */ = {isa = PBXFileReference; lastKnownFileType = folder.assetcatalog; path = Assets.xcassets; sourceTree = "<group>"; };
		94CB12BD29CAD465008FED8F /* SFSymbolsDemo.entitlements */ = {isa = PBXFileReference; lastKnownFileType = text.plist.entitlements; path = SFSymbolsDemo.entitlements; sourceTree = "<group>"; };
		94CB12BF29CAD465008FED8F /* Preview Assets.xcassets */ = {isa = PBXFileReference; lastKnownFileType = folder.assetcatalog; path = "Preview Assets.xcassets"; sourceTree = "<group>"; };
		94CB12C729CAD4D7008FED8F /* SFSymbols */ = {isa = PBXFileReference; lastKnownFileType = wrapper; name = SFSymbols; path = ..; sourceTree = "<group>"; };
		94CB12E729CAD5BA008FED8F /* ContentViewModel.swift */ = {isa = PBXFileReference; fileEncoding = 4; lastKnownFileType = sourcecode.swift; path = ContentViewModel.swift; sourceTree = "<group>"; };
		94CB12E929CAD5BA008FED8F /* InitialDetailsView.swift */ = {isa = PBXFileReference; fileEncoding = 4; lastKnownFileType = sourcecode.swift; path = InitialDetailsView.swift; sourceTree = "<group>"; };
		94CB12EA29CAD5BA008FED8F /* SymbolRow.swift */ = {isa = PBXFileReference; fileEncoding = 4; lastKnownFileType = sourcecode.swift; path = SymbolRow.swift; sourceTree = "<group>"; };
		94CB12EB29CAD5BA008FED8F /* CategoriesList.swift */ = {isa = PBXFileReference; fileEncoding = 4; lastKnownFileType = sourcecode.swift; path = CategoriesList.swift; sourceTree = "<group>"; };
		94CB12EC29CAD5BA008FED8F /* SymbolList.swift */ = {isa = PBXFileReference; fileEncoding = 4; lastKnownFileType = sourcecode.swift; path = SymbolList.swift; sourceTree = "<group>"; };
		94CB12EE29CAD5BA008FED8F /* AppSidebarNavigation.swift */ = {isa = PBXFileReference; fileEncoding = 4; lastKnownFileType = sourcecode.swift; path = AppSidebarNavigation.swift; sourceTree = "<group>"; };
		94CB12F029CAD5BA008FED8F /* ContentView.swift */ = {isa = PBXFileReference; fileEncoding = 4; lastKnownFileType = sourcecode.swift; path = ContentView.swift; sourceTree = "<group>"; };
		94CB12F229CAD5BA008FED8F /* symbol_categories.plist */ = {isa = PBXFileReference; fileEncoding = 4; lastKnownFileType = text.plist.xml; path = symbol_categories.plist; sourceTree = "<group>"; };
		94CB12F329CAD5BA008FED8F /* symbol_search.plist */ = {isa = PBXFileReference; fileEncoding = 4; lastKnownFileType = text.plist.xml; path = symbol_search.plist; sourceTree = "<group>"; };
		94CB12F429CAD5BA008FED8F /* name_availability.plist */ = {isa = PBXFileReference; fileEncoding = 4; lastKnownFileType = text.plist.xml; path = name_availability.plist; sourceTree = "<group>"; };
		94CB12F529CAD5BA008FED8F /* categories.plist */ = {isa = PBXFileReference; fileEncoding = 4; lastKnownFileType = text.plist.xml; path = categories.plist; sourceTree = "<group>"; };
		94CB130229CAD5FE008FED8F /* AppTabNavigation.swift */ = {isa = PBXFileReference; fileEncoding = 4; lastKnownFileType = sourcecode.swift; path = AppTabNavigation.swift; sourceTree = "<group>"; };
		94CB130429CAD68E008FED8F /* Info.plist */ = {isa = PBXFileReference; lastKnownFileType = text.plist; path = Info.plist; sourceTree = "<group>"; };
/* End PBXFileReference section */

/* Begin PBXFrameworksBuildPhase section */
		94CB12B129CAD464008FED8F /* Frameworks */ = {
			isa = PBXFrameworksBuildPhase;
			buildActionMask = 2147483647;
			files = (
				94CB12CA29CAD4E3008FED8F /* SFSymbols in Frameworks */,
			);
			runOnlyForDeploymentPostprocessing = 0;
		};
/* End PBXFrameworksBuildPhase section */

/* Begin PBXGroup section */
		94CB12AB29CAD464008FED8F = {
			isa = PBXGroup;
			children = (
				94CB12C629CAD4D7008FED8F /* Packages */,
				94CB12B629CAD464008FED8F /* SFSymbolsDemo */,
				94CB12B529CAD464008FED8F /* Products */,
				94CB12C829CAD4E3008FED8F /* Frameworks */,
			);
			sourceTree = "<group>";
		};
		94CB12B529CAD464008FED8F /* Products */ = {
			isa = PBXGroup;
			children = (
				94CB12B429CAD464008FED8F /* SFSymbolsDemo.app */,
			);
			name = Products;
			sourceTree = "<group>";
		};
		94CB12B629CAD464008FED8F /* SFSymbolsDemo */ = {
			isa = PBXGroup;
			children = (
				94CB130429CAD68E008FED8F /* Info.plist */,
				94CB12ED29CAD5BA008FED8F /* App Launch */,
				94CB12E629CAD5BA008FED8F /* Models */,
				94CB12F129CAD5BA008FED8F /* SFSymbol App Plist Files */,
				94CB12E829CAD5BA008FED8F /* Views */,
				94CB12BB29CAD465008FED8F /* Assets.xcassets */,
				94CB12BD29CAD465008FED8F /* SFSymbolsDemo.entitlements */,
				94CB12BE29CAD465008FED8F /* Preview Content */,
			);
			path = SFSymbolsDemo;
			sourceTree = "<group>";
		};
		94CB12BE29CAD465008FED8F /* Preview Content */ = {
			isa = PBXGroup;
			children = (
				94CB12BF29CAD465008FED8F /* Preview Assets.xcassets */,
			);
			path = "Preview Content";
			sourceTree = "<group>";
		};
		94CB12C629CAD4D7008FED8F /* Packages */ = {
			isa = PBXGroup;
			children = (
				94CB12C729CAD4D7008FED8F /* SFSymbols */,
			);
			name = Packages;
			sourceTree = "<group>";
		};
		94CB12C829CAD4E3008FED8F /* Frameworks */ = {
			isa = PBXGroup;
			children = (
			);
			name = Frameworks;
			sourceTree = "<group>";
		};
		94CB12E629CAD5BA008FED8F /* Models */ = {
			isa = PBXGroup;
			children = (
				94CB12E729CAD5BA008FED8F /* ContentViewModel.swift */,
			);
			path = Models;
			sourceTree = "<group>";
		};
		94CB12E829CAD5BA008FED8F /* Views */ = {
			isa = PBXGroup;
			children = (
				94CB12E929CAD5BA008FED8F /* InitialDetailsView.swift */,
				94CB12EA29CAD5BA008FED8F /* SymbolRow.swift */,
				94CB12EB29CAD5BA008FED8F /* CategoriesList.swift */,
				94CB12EC29CAD5BA008FED8F /* SymbolList.swift */,
			);
			path = Views;
			sourceTree = "<group>";
		};
		94CB12ED29CAD5BA008FED8F /* App Launch */ = {
			isa = PBXGroup;
			children = (
				94CB12B729CAD464008FED8F /* SFSymbolsDemoApp.swift */,
				94CB130229CAD5FE008FED8F /* AppTabNavigation.swift */,
				94CB12EE29CAD5BA008FED8F /* AppSidebarNavigation.swift */,
				94CB12F029CAD5BA008FED8F /* ContentView.swift */,
			);
			path = "App Launch";
			sourceTree = "<group>";
		};
		94CB12F129CAD5BA008FED8F /* SFSymbol App Plist Files */ = {
			isa = PBXGroup;
			children = (
				94CB12F229CAD5BA008FED8F /* symbol_categories.plist */,
				94CB12F329CAD5BA008FED8F /* symbol_search.plist */,
				94CB12F429CAD5BA008FED8F /* name_availability.plist */,
				94CB12F529CAD5BA008FED8F /* categories.plist */,
			);
			path = "SFSymbol App Plist Files";
			sourceTree = "<group>";
		};
/* End PBXGroup section */

/* Begin PBXNativeTarget section */
		94CB12B329CAD464008FED8F /* SFSymbolsDemo */ = {
			isa = PBXNativeTarget;
			buildConfigurationList = 94CB12C329CAD465008FED8F /* Build configuration list for PBXNativeTarget "SFSymbolsDemo" */;
			buildPhases = (
				94CB12B029CAD464008FED8F /* Sources */,
				94CB12B129CAD464008FED8F /* Frameworks */,
				94CB12B229CAD464008FED8F /* Resources */,
			);
			buildRules = (
			);
			dependencies = (
			);
			name = SFSymbolsDemo;
			packageProductDependencies = (
				94CB12C929CAD4E3008FED8F /* SFSymbols */,
			);
			productName = SFSymbolsDemo;
			productReference = 94CB12B429CAD464008FED8F /* SFSymbolsDemo.app */;
			productType = "com.apple.product-type.application";
		};
/* End PBXNativeTarget section */

/* Begin PBXProject section */
		94CB12AC29CAD464008FED8F /* Project object */ = {
			isa = PBXProject;
			attributes = {
				BuildIndependentTargetsInParallel = 1;
				LastSwiftUpdateCheck = 1420;
				LastUpgradeCheck = 1520;
				TargetAttributes = {
					94CB12B329CAD464008FED8F = {
						CreatedOnToolsVersion = 14.2;
					};
				};
			};
			buildConfigurationList = 94CB12AF29CAD464008FED8F /* Build configuration list for PBXProject "SFSymbolsDemo" */;
			compatibilityVersion = "Xcode 14.0";
			developmentRegion = en;
			hasScannedForEncodings = 0;
			knownRegions = (
				en,
				Base,
			);
			mainGroup = 94CB12AB29CAD464008FED8F;
			productRefGroup = 94CB12B529CAD464008FED8F /* Products */;
			projectDirPath = "";
			projectRoot = "";
			targets = (
				94CB12B329CAD464008FED8F /* SFSymbolsDemo */,
			);
		};
/* End PBXProject section */

/* Begin PBXResourcesBuildPhase section */
		94CB12B229CAD464008FED8F /* Resources */ = {
			isa = PBXResourcesBuildPhase;
			buildActionMask = 2147483647;
			files = (
				94CB12FF29CAD5BA008FED8F /* symbol_search.plist in Resources */,
				94CB12FE29CAD5BA008FED8F /* symbol_categories.plist in Resources */,
				94CB130129CAD5BA008FED8F /* categories.plist in Resources */,
				94CB12C029CAD465008FED8F /* Preview Assets.xcassets in Resources */,
				94CB12BC29CAD465008FED8F /* Assets.xcassets in Resources */,
				94CB130029CAD5BA008FED8F /* name_availability.plist in Resources */,
			);
			runOnlyForDeploymentPostprocessing = 0;
		};
/* End PBXResourcesBuildPhase section */

/* Begin PBXSourcesBuildPhase section */
		94CB12B029CAD464008FED8F /* Sources */ = {
			isa = PBXSourcesBuildPhase;
			buildActionMask = 2147483647;
			files = (
				94CB12F929CAD5BA008FED8F /* CategoriesList.swift in Sources */,
				94CB12F829CAD5BA008FED8F /* SymbolRow.swift in Sources */,
				94CB12F629CAD5BA008FED8F /* ContentViewModel.swift in Sources */,
				94CB12F729CAD5BA008FED8F /* InitialDetailsView.swift in Sources */,
				94CB12FD29CAD5BA008FED8F /* ContentView.swift in Sources */,
				94CB12B829CAD464008FED8F /* SFSymbolsDemoApp.swift in Sources */,
				94CB12FB29CAD5BA008FED8F /* AppSidebarNavigation.swift in Sources */,
				94CB12FA29CAD5BA008FED8F /* SymbolList.swift in Sources */,
				94CB130329CAD5FE008FED8F /* AppTabNavigation.swift in Sources */,
			);
			runOnlyForDeploymentPostprocessing = 0;
		};
/* End PBXSourcesBuildPhase section */

/* Begin XCBuildConfiguration section */
		94CB12C129CAD465008FED8F /* Debug */ = {
			isa = XCBuildConfiguration;
			buildSettings = {
				ALWAYS_SEARCH_USER_PATHS = NO;
				ASSETCATALOG_COMPILER_GENERATE_SWIFT_ASSET_SYMBOL_EXTENSIONS = YES;
				CLANG_ANALYZER_NONNULL = YES;
				CLANG_ANALYZER_NUMBER_OBJECT_CONVERSION = YES_AGGRESSIVE;
				CLANG_CXX_LANGUAGE_STANDARD = "gnu++20";
				CLANG_ENABLE_MODULES = YES;
				CLANG_ENABLE_OBJC_ARC = YES;
				CLANG_ENABLE_OBJC_WEAK = YES;
				CLANG_WARN_BLOCK_CAPTURE_AUTORELEASING = YES;
				CLANG_WARN_BOOL_CONVERSION = YES;
				CLANG_WARN_COMMA = YES;
				CLANG_WARN_CONSTANT_CONVERSION = YES;
				CLANG_WARN_DEPRECATED_OBJC_IMPLEMENTATIONS = YES;
				CLANG_WARN_DIRECT_OBJC_ISA_USAGE = YES_ERROR;
				CLANG_WARN_DOCUMENTATION_COMMENTS = YES;
				CLANG_WARN_EMPTY_BODY = YES;
				CLANG_WARN_ENUM_CONVERSION = YES;
				CLANG_WARN_INFINITE_RECURSION = YES;
				CLANG_WARN_INT_CONVERSION = YES;
				CLANG_WARN_NON_LITERAL_NULL_CONVERSION = YES;
				CLANG_WARN_OBJC_IMPLICIT_RETAIN_SELF = YES;
				CLANG_WARN_OBJC_LITERAL_CONVERSION = YES;
				CLANG_WARN_OBJC_ROOT_CLASS = YES_ERROR;
				CLANG_WARN_QUOTED_INCLUDE_IN_FRAMEWORK_HEADER = YES;
				CLANG_WARN_RANGE_LOOP_ANALYSIS = YES;
				CLANG_WARN_STRICT_PROTOTYPES = YES;
				CLANG_WARN_SUSPICIOUS_MOVE = YES;
				CLANG_WARN_UNGUARDED_AVAILABILITY = YES_AGGRESSIVE;
				CLANG_WARN_UNREACHABLE_CODE = YES;
				CLANG_WARN__DUPLICATE_METHOD_MATCH = YES;
				COPY_PHASE_STRIP = NO;
				DEAD_CODE_STRIPPING = YES;
				DEBUG_INFORMATION_FORMAT = dwarf;
				ENABLE_STRICT_OBJC_MSGSEND = YES;
				ENABLE_TESTABILITY = YES;
				ENABLE_USER_SCRIPT_SANDBOXING = YES;
				GCC_C_LANGUAGE_STANDARD = gnu11;
				GCC_DYNAMIC_NO_PIC = NO;
				GCC_NO_COMMON_BLOCKS = YES;
				GCC_OPTIMIZATION_LEVEL = 0;
				GCC_PREPROCESSOR_DEFINITIONS = (
					"DEBUG=1",
					"$(inherited)",
				);
				GCC_WARN_64_TO_32_BIT_CONVERSION = YES;
				GCC_WARN_ABOUT_RETURN_TYPE = YES_ERROR;
				GCC_WARN_UNDECLARED_SELECTOR = YES;
				GCC_WARN_UNINITIALIZED_AUTOS = YES_AGGRESSIVE;
				GCC_WARN_UNUSED_FUNCTION = YES;
				GCC_WARN_UNUSED_VARIABLE = YES;
				MTL_ENABLE_DEBUG_INFO = INCLUDE_SOURCE;
				MTL_FAST_MATH = YES;
				ONLY_ACTIVE_ARCH = YES;
				SWIFT_ACTIVE_COMPILATION_CONDITIONS = DEBUG;
				SWIFT_OPTIMIZATION_LEVEL = "-Onone";
			};
			name = Debug;
		};
		94CB12C229CAD465008FED8F /* Release */ = {
			isa = XCBuildConfiguration;
			buildSettings = {
				ALWAYS_SEARCH_USER_PATHS = NO;
				ASSETCATALOG_COMPILER_GENERATE_SWIFT_ASSET_SYMBOL_EXTENSIONS = YES;
				CLANG_ANALYZER_NONNULL = YES;
				CLANG_ANALYZER_NUMBER_OBJECT_CONVERSION = YES_AGGRESSIVE;
				CLANG_CXX_LANGUAGE_STANDARD = "gnu++20";
				CLANG_ENABLE_MODULES = YES;
				CLANG_ENABLE_OBJC_ARC = YES;
				CLANG_ENABLE_OBJC_WEAK = YES;
				CLANG_WARN_BLOCK_CAPTURE_AUTORELEASING = YES;
				CLANG_WARN_BOOL_CONVERSION = YES;
				CLANG_WARN_COMMA = YES;
				CLANG_WARN_CONSTANT_CONVERSION = YES;
				CLANG_WARN_DEPRECATED_OBJC_IMPLEMENTATIONS = YES;
				CLANG_WARN_DIRECT_OBJC_ISA_USAGE = YES_ERROR;
				CLANG_WARN_DOCUMENTATION_COMMENTS = YES;
				CLANG_WARN_EMPTY_BODY = YES;
				CLANG_WARN_ENUM_CONVERSION = YES;
				CLANG_WARN_INFINITE_RECURSION = YES;
				CLANG_WARN_INT_CONVERSION = YES;
				CLANG_WARN_NON_LITERAL_NULL_CONVERSION = YES;
				CLANG_WARN_OBJC_IMPLICIT_RETAIN_SELF = YES;
				CLANG_WARN_OBJC_LITERAL_CONVERSION = YES;
				CLANG_WARN_OBJC_ROOT_CLASS = YES_ERROR;
				CLANG_WARN_QUOTED_INCLUDE_IN_FRAMEWORK_HEADER = YES;
				CLANG_WARN_RANGE_LOOP_ANALYSIS = YES;
				CLANG_WARN_STRICT_PROTOTYPES = YES;
				CLANG_WARN_SUSPICIOUS_MOVE = YES;
				CLANG_WARN_UNGUARDED_AVAILABILITY = YES_AGGRESSIVE;
				CLANG_WARN_UNREACHABLE_CODE = YES;
				CLANG_WARN__DUPLICATE_METHOD_MATCH = YES;
				COPY_PHASE_STRIP = NO;
				DEAD_CODE_STRIPPING = YES;
				DEBUG_INFORMATION_FORMAT = "dwarf-with-dsym";
				ENABLE_NS_ASSERTIONS = NO;
				ENABLE_STRICT_OBJC_MSGSEND = YES;
				ENABLE_USER_SCRIPT_SANDBOXING = YES;
				GCC_C_LANGUAGE_STANDARD = gnu11;
				GCC_NO_COMMON_BLOCKS = YES;
				GCC_WARN_64_TO_32_BIT_CONVERSION = YES;
				GCC_WARN_ABOUT_RETURN_TYPE = YES_ERROR;
				GCC_WARN_UNDECLARED_SELECTOR = YES;
				GCC_WARN_UNINITIALIZED_AUTOS = YES_AGGRESSIVE;
				GCC_WARN_UNUSED_FUNCTION = YES;
				GCC_WARN_UNUSED_VARIABLE = YES;
				MTL_ENABLE_DEBUG_INFO = NO;
				MTL_FAST_MATH = YES;
				SWIFT_COMPILATION_MODE = wholemodule;
				SWIFT_OPTIMIZATION_LEVEL = "-O";
			};
			name = Release;
		};
		94CB12C429CAD465008FED8F /* Debug */ = {
			isa = XCBuildConfiguration;
			buildSettings = {
				ASSETCATALOG_COMPILER_APPICON_NAME = AppIcon;
				ASSETCATALOG_COMPILER_GLOBAL_ACCENT_COLOR_NAME = AccentColor;
				CODE_SIGN_ENTITLEMENTS = SFSymbolsDemo/SFSymbolsDemo.entitlements;
				CODE_SIGN_STYLE = Automatic;
				CURRENT_PROJECT_VERSION = 1;
				DEAD_CODE_STRIPPING = YES;
				DEVELOPMENT_ASSET_PATHS = "\"SFSymbolsDemo/Preview Content\"";
				DEVELOPMENT_TEAM = 29BB6CT754;
				ENABLE_HARDENED_RUNTIME = YES;
				ENABLE_PREVIEWS = YES;
				GENERATE_INFOPLIST_FILE = YES;
				INFOPLIST_FILE = SFSymbolsDemo/Info.plist;
				INFOPLIST_KEY_LSSupportsOpeningDocumentsInPlace = YES;
				"INFOPLIST_KEY_UIApplicationSceneManifest_Generation[sdk=iphoneos*]" = YES;
				"INFOPLIST_KEY_UIApplicationSceneManifest_Generation[sdk=iphonesimulator*]" = YES;
				INFOPLIST_KEY_UIApplicationSupportsIndirectInputEvents = YES;
				"INFOPLIST_KEY_UIApplicationSupportsIndirectInputEvents[sdk=iphoneos*]" = YES;
				"INFOPLIST_KEY_UIApplicationSupportsIndirectInputEvents[sdk=iphonesimulator*]" = YES;
				"INFOPLIST_KEY_UILaunchScreen_Generation[sdk=iphoneos*]" = YES;
				"INFOPLIST_KEY_UILaunchScreen_Generation[sdk=iphonesimulator*]" = YES;
				"INFOPLIST_KEY_UIStatusBarStyle[sdk=iphoneos*]" = UIStatusBarStyleDefault;
				"INFOPLIST_KEY_UIStatusBarStyle[sdk=iphonesimulator*]" = UIStatusBarStyleDefault;
				INFOPLIST_KEY_UISupportedInterfaceOrientations_iPad = "UIInterfaceOrientationPortrait UIInterfaceOrientationPortraitUpsideDown UIInterfaceOrientationLandscapeLeft UIInterfaceOrientationLandscapeRight";
				INFOPLIST_KEY_UISupportedInterfaceOrientations_iPhone = "UIInterfaceOrientationPortrait UIInterfaceOrientationLandscapeLeft UIInterfaceOrientationLandscapeRight";
				IPHONEOS_DEPLOYMENT_TARGET = 16.2;
				LD_RUNPATH_SEARCH_PATHS = "@executable_path/Frameworks";
				"LD_RUNPATH_SEARCH_PATHS[sdk=macosx*]" = "@executable_path/../Frameworks";
				MACOSX_DEPLOYMENT_TARGET = 13.1;
				MARKETING_VERSION = 1.0;
				PRODUCT_BUNDLE_IDENTIFIER = rspoon3.SFSymbolsDemo;
				PRODUCT_NAME = "$(TARGET_NAME)";
				SDKROOT = auto;
				SUPPORTED_PLATFORMS = "iphoneos iphonesimulator macosx xros xrsimulator";
				SUPPORTS_MACCATALYST = NO;
				SWIFT_EMIT_LOC_STRINGS = YES;
				SWIFT_VERSION = 5.0;
				TARGETED_DEVICE_FAMILY = "1,2,7";
			};
			name = Debug;
		};
		94CB12C529CAD465008FED8F /* Release */ = {
			isa = XCBuildConfiguration;
			buildSettings = {
				ASSETCATALOG_COMPILER_APPICON_NAME = AppIcon;
				ASSETCATALOG_COMPILER_GLOBAL_ACCENT_COLOR_NAME = AccentColor;
				CODE_SIGN_ENTITLEMENTS = SFSymbolsDemo/SFSymbolsDemo.entitlements;
				CODE_SIGN_STYLE = Automatic;
				CURRENT_PROJECT_VERSION = 1;
				DEAD_CODE_STRIPPING = YES;
				DEVELOPMENT_ASSET_PATHS = "\"SFSymbolsDemo/Preview Content\"";
				DEVELOPMENT_TEAM = 29BB6CT754;
				ENABLE_HARDENED_RUNTIME = YES;
				ENABLE_PREVIEWS = YES;
				GENERATE_INFOPLIST_FILE = YES;
				INFOPLIST_FILE = SFSymbolsDemo/Info.plist;
				INFOPLIST_KEY_LSSupportsOpeningDocumentsInPlace = YES;
				"INFOPLIST_KEY_UIApplicationSceneManifest_Generation[sdk=iphoneos*]" = YES;
				"INFOPLIST_KEY_UIApplicationSceneManifest_Generation[sdk=iphonesimulator*]" = YES;
				INFOPLIST_KEY_UIApplicationSupportsIndirectInputEvents = YES;
				"INFOPLIST_KEY_UIApplicationSupportsIndirectInputEvents[sdk=iphoneos*]" = YES;
				"INFOPLIST_KEY_UIApplicationSupportsIndirectInputEvents[sdk=iphonesimulator*]" = YES;
				"INFOPLIST_KEY_UILaunchScreen_Generation[sdk=iphoneos*]" = YES;
				"INFOPLIST_KEY_UILaunchScreen_Generation[sdk=iphonesimulator*]" = YES;
				"INFOPLIST_KEY_UIStatusBarStyle[sdk=iphoneos*]" = UIStatusBarStyleDefault;
				"INFOPLIST_KEY_UIStatusBarStyle[sdk=iphonesimulator*]" = UIStatusBarStyleDefault;
				INFOPLIST_KEY_UISupportedInterfaceOrientations_iPad = "UIInterfaceOrientationPortrait UIInterfaceOrientationPortraitUpsideDown UIInterfaceOrientationLandscapeLeft UIInterfaceOrientationLandscapeRight";
				INFOPLIST_KEY_UISupportedInterfaceOrientations_iPhone = "UIInterfaceOrientationPortrait UIInterfaceOrientationLandscapeLeft UIInterfaceOrientationLandscapeRight";
				IPHONEOS_DEPLOYMENT_TARGET = 16.2;
				LD_RUNPATH_SEARCH_PATHS = "@executable_path/Frameworks";
				"LD_RUNPATH_SEARCH_PATHS[sdk=macosx*]" = "@executable_path/../Frameworks";
				MACOSX_DEPLOYMENT_TARGET = 13.1;
				MARKETING_VERSION = 1.0;
				PRODUCT_BUNDLE_IDENTIFIER = rspoon3.SFSymbolsDemo;
				PRODUCT_NAME = "$(TARGET_NAME)";
				SDKROOT = auto;
				SUPPORTED_PLATFORMS = "iphoneos iphonesimulator macosx xros xrsimulator";
				SUPPORTS_MACCATALYST = NO;
				SWIFT_EMIT_LOC_STRINGS = YES;
				SWIFT_VERSION = 5.0;
				TARGETED_DEVICE_FAMILY = "1,2,7";
			};
			name = Release;
		};
/* End XCBuildConfiguration section */

/* Begin XCConfigurationList section */
		94CB12AF29CAD464008FED8F /* Build configuration list for PBXProject "SFSymbolsDemo" */ = {
			isa = XCConfigurationList;
			buildConfigurations = (
				94CB12C129CAD465008FED8F /* Debug */,
				94CB12C229CAD465008FED8F /* Release */,
			);
			defaultConfigurationIsVisible = 0;
			defaultConfigurationName = Release;
		};
		94CB12C329CAD465008FED8F /* Build configuration list for PBXNativeTarget "SFSymbolsDemo" */ = {
			isa = XCConfigurationList;
			buildConfigurations = (
				94CB12C429CAD465008FED8F /* Debug */,
				94CB12C529CAD465008FED8F /* Release */,
			);
			defaultConfigurationIsVisible = 0;
			defaultConfigurationName = Release;
		};
/* End XCConfigurationList section */

/* Begin XCSwiftPackageProductDependency section */
		94CB12C929CAD4E3008FED8F /* SFSymbols */ = {
			isa = XCSwiftPackageProductDependency;
			productName = SFSymbols;
		};
/* End XCSwiftPackageProductDependency section */
	};
	rootObject = 94CB12AC29CAD464008FED8F /* Project object */;
}
